
Microsoft Visual Studio Solution File, Format Version 12.00
# Visual Studio Version 17
VisualStudioVersion = 17.9.34728.123
MinimumVisualStudioVersion = 10.0.40219.1
Project("{FAE04EC0-301F-11D3-BF4B-00C04F79EFBC}") = "OO_EstanteLivros", "OO_EstanteLivros\OO_EstanteLivros.csproj", "{51BAB0D1-D260-49BF-BE2A-D684F883095B}"
EndProject
Global
	GlobalSection(SolutionConfigurationPlatforms) = preSolution
		Debug|Any CPU = Debug|Any CPU
		Release|Any CPU = Release|Any CPU
	EndGlobalSection
	GlobalSection(ProjectConfigurationPlatforms) = postSolution
		{51BAB0D1-D260-49BF-BE2A-D684F883095B}.Debug|Any CPU.ActiveCfg = Debug|Any CPU
		{51BAB0D1-D260-49BF-BE2A-D684F883095B}.Debug|Any CPU.Build.0 = Debug|Any CPU
		{51BAB0D1-D260-49BF-BE2A-D684F883095B}.Release|Any CPU.ActiveCfg = Release|Any CPU
		{51BAB0D1-D260-49BF-BE2A-D684F883095B}.Release|Any CPU.Build.0 = Release|Any CPU
	EndGlobalSection
	GlobalSection(SolutionProperties) = preSolution
		HideSolutionNode = FALSE
	EndGlobalSection
	GlobalSection(ExtensibilityGlobals) = postSolution
		SolutionGuid = {3145EBFA-3808-4CFA-8EBB-0A326276E92D}
	EndGlobalSection
EndGlobal
